
Microsoft Visual Studio Solution File, Format Version 12.00
# Visual Studio Version 16
VisualStudioVersion = 16.0.29215.179
MinimumVisualStudioVersion = 10.0.40219.1
Project("{8BC9CEB8-8B4A-11D0-8D11-00A0C91BC942}") = "DatapoolParent", "CPEN333Lab4\CPEN333Lab4.vcxproj", "{32CE4626-EAEC-4AD7-8F66-51DF1DF0221D}"
EndProject
Project("{8BC9CEB8-8B4A-11D0-8D11-00A0C91BC942}") = "DataPoolChild", "DataPoolChild\DataPoolChild.vcxproj", "{E79FA2BB-8213-452A-A826-6823616DB39E}"
EndProject
Project("{8BC9CEB8-8B4A-11D0-8D11-00A0C91BC942}") = "DataPoolChild2", "DataPoolChild2\DataPoolChild2.vcxproj", "{E533E0E1-876A-4119-9B98-1B07744C4A67}"
EndProject
Project("{8BC9CEB8-8B4A-11D0-8D11-00A0C91BC942}") = "PipelineParent", "PipelineParent\PipelineParent.vcxproj", "{D337D36A-CDD2-4336-ACD4-F31157FEB9F4}"
EndProject
Project("{8BC9CEB8-8B4A-11D0-8D11-00A0C91BC942}") = "PipelineChild", "PipelineChild\PipelineChild.vcxproj", "{6ADA8139-6C31-4E0C-95FE-C68570C47A76}"
EndProject
Project("{8BC9CEB8-8B4A-11D0-8D11-00A0C91BC942}") = "PipelineChild2", "PipelineChild2\PipelineChild2.vcxproj", "{9FFFFA72-E087-4D05-805F-C644C388FBEA}"
EndProject
Project("{8BC9CEB8-8B4A-11D0-8D11-00A0C91BC942}") = "PartBParent", "PartBParent\PartBParent.vcxproj", "{A0001898-2F05-4E61-A957-759D219B06D8}"
EndProject
Project("{8BC9CEB8-8B4A-11D0-8D11-00A0C91BC942}") = "PartBChild1", "PartBChild1\PartBChild1.vcxproj", "{4B18105B-BF1A-4239-9EE1-F9B83E5771AE}"
EndProject
Project("{8BC9CEB8-8B4A-11D0-8D11-00A0C91BC942}") = "PartBChild2", "PartBChild2\PartBChild2.vcxproj", "{92ABCA00-2219-49F7-94E5-5253BA710E1B}"
EndProject
Project("{8BC9CEB8-8B4A-11D0-8D11-00A0C91BC942}") = "PartBChild3", "PartBChild3\PartBChild3.vcxproj", "{4723DF2F-1D41-46B0-AF91-A0D583A28119}"
EndProject
Project("{8BC9CEB8-8B4A-11D0-8D11-00A0C91BC942}") = "PartBChild4", "PartBChild4\PartBChild4.vcxproj", "{050C30A8-32A3-4AC8-9095-0507DD3408BB}"
EndProject
Project("{8BC9CEB8-8B4A-11D0-8D11-00A0C91BC942}") = "PartDSocketParent", "PartDSocketParent\PartDSocketParent.vcxproj", "{093979D9-0CB0-4B30-A31F-54A7706E47F8}"
EndProject
Project("{8BC9CEB8-8B4A-11D0-8D11-00A0C91BC942}") = "PartDSocketChild", "PartDSocketChild\PartDSocketChild.vcxproj", "{A4AE1744-EECD-4797-8522-483F87F405C5}"
EndProject
Global
	GlobalSection(SolutionConfigurationPlatforms) = preSolution
		Debug|x64 = Debug|x64
		Debug|x86 = Debug|x86
		Release|x64 = Release|x64
		Release|x86 = Release|x86
	EndGlobalSection
	GlobalSection(ProjectConfigurationPlatforms) = postSolution
		{32CE4626-EAEC-4AD7-8F66-51DF1DF0221D}.Debug|x64.ActiveCfg = Debug|x64
		{32CE4626-EAEC-4AD7-8F66-51DF1DF0221D}.Debug|x64.Build.0 = Debug|x64
		{32CE4626-EAEC-4AD7-8F66-51DF1DF0221D}.Debug|x86.ActiveCfg = Debug|Win32
		{32CE4626-EAEC-4AD7-8F66-51DF1DF0221D}.Debug|x86.Build.0 = Debug|Win32
		{32CE4626-EAEC-4AD7-8F66-51DF1DF0221D}.Release|x64.ActiveCfg = Release|x64
		{32CE4626-EAEC-4AD7-8F66-51DF1DF0221D}.Release|x64.Build.0 = Release|x64
		{32CE4626-EAEC-4AD7-8F66-51DF1DF0221D}.Release|x86.ActiveCfg = Release|Win32
		{32CE4626-EAEC-4AD7-8F66-51DF1DF0221D}.Release|x86.Build.0 = Release|Win32
		{E79FA2BB-8213-452A-A826-6823616DB39E}.Debug|x64.ActiveCfg = Debug|x64
		{E79FA2BB-8213-452A-A826-6823616DB39E}.Debug|x64.Build.0 = Debug|x64
		{E79FA2BB-8213-452A-A826-6823616DB39E}.Debug|x86.ActiveCfg = Debug|Win32
		{E79FA2BB-8213-452A-A826-6823616DB39E}.Debug|x86.Build.0 = Debug|Win32
		{E79FA2BB-8213-452A-A826-6823616DB39E}.Release|x64.ActiveCfg = Release|x64
		{E79FA2BB-8213-452A-A826-6823616DB39E}.Release|x64.Build.0 = Release|x64
		{E79FA2BB-8213-452A-A826-6823616DB39E}.Release|x86.ActiveCfg = Release|Win32
		{E79FA2BB-8213-452A-A826-6823616DB39E}.Release|x86.Build.0 = Release|Win32
		{E533E0E1-876A-4119-9B98-1B07744C4A67}.Debug|x64.ActiveCfg = Debug|x64
		{E533E0E1-876A-4119-9B98-1B07744C4A67}.Debug|x64.Build.0 = Debug|x64
		{E533E0E1-876A-4119-9B98-1B07744C4A67}.Debug|x86.ActiveCfg = Debug|Win32
		{E533E0E1-876A-4119-9B98-1B07744C4A67}.Debug|x86.Build.0 = Debug|Win32
		{E533E0E1-876A-4119-9B98-1B07744C4A67}.Release|x64.ActiveCfg = Release|x64
		{E533E0E1-876A-4119-9B98-1B07744C4A67}.Release|x64.Build.0 = Release|x64
		{E533E0E1-876A-4119-9B98-1B07744C4A67}.Release|x86.ActiveCfg = Release|Win32
		{E533E0E1-876A-4119-9B98-1B07744C4A67}.Release|x86.Build.0 = Release|Win32
		{D337D36A-CDD2-4336-ACD4-F31157FEB9F4}.Debug|x64.ActiveCfg = Debug|x64
		{D337D36A-CDD2-4336-ACD4-F31157FEB9F4}.Debug|x64.Build.0 = Debug|x64
		{D337D36A-CDD2-4336-ACD4-F31157FEB9F4}.Debug|x86.ActiveCfg = Debug|Win32
		{D337D36A-CDD2-4336-ACD4-F31157FEB9F4}.Debug|x86.Build.0 = Debug|Win32
		{D337D36A-CDD2-4336-ACD4-F31157FEB9F4}.Release|x64.ActiveCfg = Release|x64
		{D337D36A-CDD2-4336-ACD4-F31157FEB9F4}.Release|x64.Build.0 = Release|x64
		{D337D36A-CDD2-4336-ACD4-F31157FEB9F4}.Release|x86.ActiveCfg = Release|Win32
		{D337D36A-CDD2-4336-ACD4-F31157FEB9F4}.Release|x86.Build.0 = Release|Win32
		{6ADA8139-6C31-4E0C-95FE-C68570C47A76}.Debug|x64.ActiveCfg = Debug|x64
		{6ADA8139-6C31-4E0C-95FE-C68570C47A76}.Debug|x64.Build.0 = Debug|x64
		{6ADA8139-6C31-4E0C-95FE-C68570C47A76}.Debug|x86.ActiveCfg = Debug|Win32
		{6ADA8139-6C31-4E0C-95FE-C68570C47A76}.Debug|x86.Build.0 = Debug|Win32
		{6ADA8139-6C31-4E0C-95FE-C68570C47A76}.Release|x64.ActiveCfg = Release|x64
		{6ADA8139-6C31-4E0C-95FE-C68570C47A76}.Release|x64.Build.0 = Release|x64
		{6ADA8139-6C31-4E0C-95FE-C68570C47A76}.Release|x86.ActiveCfg = Release|Win32
		{6ADA8139-6C31-4E0C-95FE-C68570C47A76}.Release|x86.Build.0 = Release|Win32
		{9FFFFA72-E087-4D05-805F-C644C388FBEA}.Debug|x64.ActiveCfg = Debug|x64
		{9FFFFA72-E087-4D05-805F-C644C388FBEA}.Debug|x64.Build.0 = Debug|x64
		{9FFFFA72-E087-4D05-805F-C644C388FBEA}.Debug|x86.ActiveCfg = Debug|Win32
		{9FFFFA72-E087-4D05-805F-C644C388FBEA}.Debug|x86.Build.0 = Debug|Win32
		{9FFFFA72-E087-4D05-805F-C644C388FBEA}.Release|x64.ActiveCfg = Release|x64
		{9FFFFA72-E087-4D05-805F-C644C388FBEA}.Release|x64.Build.0 = Release|x64
		{9FFFFA72-E087-4D05-805F-C644C388FBEA}.Release|x86.ActiveCfg = Release|Win32
		{9FFFFA72-E087-4D05-805F-C644C388FBEA}.Release|x86.Build.0 = Release|Win32
		{A0001898-2F05-4E61-A957-759D219B06D8}.Debug|x64.ActiveCfg = Debug|x64
		{A0001898-2F05-4E61-A957-759D219B06D8}.Debug|x64.Build.0 = Debug|x64
		{A0001898-2F05-4E61-A957-759D219B06D8}.Debug|x86.ActiveCfg = Debug|Win32
		{A0001898-2F05-4E61-A957-759D219B06D8}.Debug|x86.Build.0 = Debug|Win32
		{A0001898-2F05-4E61-A957-759D219B06D8}.Release|x64.ActiveCfg = Release|x64
		{A0001898-2F05-4E61-A957-759D219B06D8}.Release|x64.Build.0 = Release|x64
		{A0001898-2F05-4E61-A957-759D219B06D8}.Release|x86.ActiveCfg = Release|Win32
		{A0001898-2F05-4E61-A957-759D219B06D8}.Release|x86.Build.0 = Release|Win32
		{4B18105B-BF1A-4239-9EE1-F9B83E5771AE}.Debug|x64.ActiveCfg = Debug|x64
		{4B18105B-BF1A-4239-9EE1-F9B83E5771AE}.Debug|x64.Build.0 = Debug|x64
		{4B18105B-BF1A-4239-9EE1-F9B83E5771AE}.Debug|x86.ActiveCfg = Debug|Win32
		{4B18105B-BF1A-4239-9EE1-F9B83E5771AE}.Debug|x86.Build.0 = Debug|Win32
		{4B18105B-BF1A-4239-9EE1-F9B83E5771AE}.Release|x64.ActiveCfg = Release|x64
		{4B18105B-BF1A-4239-9EE1-F9B83E5771AE}.Release|x64.Build.0 = Release|x64
		{4B18105B-BF1A-4239-9EE1-F9B83E5771AE}.Release|x86.ActiveCfg = Release|Win32
		{4B18105B-BF1A-4239-9EE1-F9B83E5771AE}.Release|x86.Build.0 = Release|Win32
		{92ABCA00-2219-49F7-94E5-5253BA710E1B}.Debug|x64.ActiveCfg = Debug|x64
		{92ABCA00-2219-49F7-94E5-5253BA710E1B}.Debug|x64.Build.0 = Debug|x64
		{92ABCA00-2219-49F7-94E5-5253BA710E1B}.Debug|x86.ActiveCfg = Debug|Win32
		{92ABCA00-2219-49F7-94E5-5253BA710E1B}.Debug|x86.Build.0 = Debug|Win32
		{92ABCA00-2219-49F7-94E5-5253BA710E1B}.Release|x64.ActiveCfg = Release|x64
		{92ABCA00-2219-49F7-94E5-5253BA710E1B}.Release|x64.Build.0 = Release|x64
		{92ABCA00-2219-49F7-94E5-5253BA710E1B}.Release|x86.ActiveCfg = Release|Win32
		{92ABCA00-2219-49F7-94E5-5253BA710E1B}.Release|x86.Build.0 = Release|Win32
		{4723DF2F-1D41-46B0-AF91-A0D583A28119}.Debug|x64.ActiveCfg = Debug|x64
		{4723DF2F-1D41-46B0-AF91-A0D583A28119}.Debug|x64.Build.0 = Debug|x64
		{4723DF2F-1D41-46B0-AF91-A0D583A28119}.Debug|x86.ActiveCfg = Debug|Win32
		{4723DF2F-1D41-46B0-AF91-A0D583A28119}.Debug|x86.Build.0 = Debug|Win32
		{4723DF2F-1D41-46B0-AF91-A0D583A28119}.Release|x64.ActiveCfg = Release|x64
		{4723DF2F-1D41-46B0-AF91-A0D583A28119}.Release|x64.Build.0 = Release|x64
		{4723DF2F-1D41-46B0-AF91-A0D583A28119}.Release|x86.ActiveCfg = Release|Win32
		{4723DF2F-1D41-46B0-AF91-A0D583A28119}.Release|x86.Build.0 = Release|Win32
		{050C30A8-32A3-4AC8-9095-0507DD3408BB}.Debug|x64.ActiveCfg = Debug|x64
		{050C30A8-32A3-4AC8-9095-0507DD3408BB}.Debug|x64.Build.0 = Debug|x64
		{050C30A8-32A3-4AC8-9095-0507DD3408BB}.Debug|x86.ActiveCfg = Debug|Win32
		{050C30A8-32A3-4AC8-9095-0507DD3408BB}.Debug|x86.Build.0 = Debug|Win32
		{050C30A8-32A3-4AC8-9095-0507DD3408BB}.Release|x64.ActiveCfg = Release|x64
		{050C30A8-32A3-4AC8-9095-0507DD3408BB}.Release|x64.Build.0 = Release|x64
		{050C30A8-32A3-4AC8-9095-0507DD3408BB}.Release|x86.ActiveCfg = Release|Win32
		{050C30A8-32A3-4AC8-9095-0507DD3408BB}.Release|x86.Build.0 = Release|Win32
		{093979D9-0CB0-4B30-A31F-54A7706E47F8}.Debug|x64.ActiveCfg = Debug|x64
		{093979D9-0CB0-4B30-A31F-54A7706E47F8}.Debug|x64.Build.0 = Debug|x64
		{093979D9-0CB0-4B30-A31F-54A7706E47F8}.Debug|x86.ActiveCfg = Debug|Win32
		{093979D9-0CB0-4B30-A31F-54A7706E47F8}.Debug|x86.Build.0 = Debug|Win32
		{093979D9-0CB0-4B30-A31F-54A7706E47F8}.Release|x64.ActiveCfg = Release|x64
		{093979D9-0CB0-4B30-A31F-54A7706E47F8}.Release|x64.Build.0 = Release|x64
		{093979D9-0CB0-4B30-A31F-54A7706E47F8}.Release|x86.ActiveCfg = Release|Win32
		{093979D9-0CB0-4B30-A31F-54A7706E47F8}.Release|x86.Build.0 = Release|Win32
		{A4AE1744-EECD-4797-8522-483F87F405C5}.Debug|x64.ActiveCfg = Debug|x64
		{A4AE1744-EECD-4797-8522-483F87F405C5}.Debug|x64.Build.0 = Debug|x64
		{A4AE1744-EECD-4797-8522-483F87F405C5}.Debug|x86.ActiveCfg = Debug|Win32
		{A4AE1744-EECD-4797-8522-483F87F405C5}.Debug|x86.Build.0 = Debug|Win32
		{A4AE1744-EECD-4797-8522-483F87F405C5}.Release|x64.ActiveCfg = Release|x64
		{A4AE1744-EECD-4797-8522-483F87F405C5}.Release|x64.Build.0 = Release|x64
		{A4AE1744-EECD-4797-8522-483F87F405C5}.Release|x86.ActiveCfg = Release|Win32
		{A4AE1744-EECD-4797-8522-483F87F405C5}.Release|x86.Build.0 = Release|Win32
	EndGlobalSection
	GlobalSection(SolutionProperties) = preSolution
		HideSolutionNode = FALSE
	EndGlobalSection
	GlobalSection(ExtensibilityGlobals) = postSolution
		SolutionGuid = {03988114-E78E-4500-B0C5-311B4288A660}
	EndGlobalSection
EndGlobal
